// !$*UTF8*$!
{
	archiveVersion = 1;
	classes = {
	};
	objectVersion = 56;
	objects = {

/* Begin PBXBuildFile section */
		B00100000000000000000001 /* TuneableApp.swift in Sources */ = {isa = PBXBuildFile; fileRef = F00100000000000000000001 /* TuneableApp.swift */; };
		B00100000000000000000002 /* ContentView.swift in Sources */ = {isa = PBXBuildFile; fileRef = F00100000000000000000002 /* ContentView.swift */; };
		B00100000000000000000003 /* AppConfig.swift in Sources */ = {isa = PBXBuildFile; fileRef = F00100000000000000000003 /* AppConfig.swift */; };
		B00100000000000000000004 /* APIClient.swift in Sources */ = {isa = PBXBuildFile; fileRef = F00100000000000000000004 /* APIClient.swift */; };
		B00100000000000000000005 /* AuthService.swift in Sources */ = {isa = PBXBuildFile; fileRef = F00100000000000000000005 /* AuthService.swift */; };
		B00100000000000000000006 /* KeychainHelper.swift in Sources */ = {isa = PBXBuildFile; fileRef = F00100000000000000000006 /* KeychainHelper.swift */; };
		B00100000000000000000007 /* PartyService.swift in Sources */ = {isa = PBXBuildFile; fileRef = F00100000000000000000007 /* PartyService.swift */; };
		B00100000000000000000008 /* User.swift in Sources */ = {isa = PBXBuildFile; fileRef = F00100000000000000000008 /* User.swift */; };
		B00100000000000000000009 /* Party.swift in Sources */ = {isa = PBXBuildFile; fileRef = F00100000000000000000009 /* Party.swift */; };
		B0010000000000000000000A /* AuthViewModel.swift in Sources */ = {isa = PBXBuildFile; fileRef = F0010000000000000000000A /* AuthViewModel.swift */; };
		B0010000000000000000000B /* LoginView.swift in Sources */ = {isa = PBXBuildFile; fileRef = F0010000000000000000000B /* LoginView.swift */; };
		B0010000000000000000000C /* HomeView.swift in Sources */ = {isa = PBXBuildFile; fileRef = F0010000000000000000000C /* HomeView.swift */; };
		B0010000000000000000000D /* PartiesListView.swift in Sources */ = {isa = PBXBuildFile; fileRef = F0010000000000000000000D /* PartiesListView.swift */; };
		B0010000000000000000000E /* ProfileView.swift in Sources */ = {isa = PBXBuildFile; fileRef = F0010000000000000000000E /* ProfileView.swift */; };
		B0010000000000000000000F /* Assets.xcassets in Resources */ = {isa = PBXBuildFile; fileRef = F0010000000000000000000F /* Assets.xcassets */; };
		B00100000000000000000011 /* PodcastEpisode.swift in Sources */ = {isa = PBXBuildFile; fileRef = F00100000000000000000011 /* PodcastEpisode.swift */; };
		B00100000000000000000012 /* PodcastSeries.swift in Sources */ = {isa = PBXBuildFile; fileRef = F00100000000000000000012 /* PodcastSeries.swift */; };
		B00100000000000000000013 /* PodcastService.swift in Sources */ = {isa = PBXBuildFile; fileRef = F00100000000000000000013 /* PodcastService.swift */; };
		B00100000000000000000014 /* PodcastsChartView.swift in Sources */ = {isa = PBXBuildFile; fileRef = F00100000000000000000014 /* PodcastsChartView.swift */; };
		B00100000000000000000015 /* PodcastSearchView.swift in Sources */ = {isa = PBXBuildFile; fileRef = F00100000000000000000015 /* PodcastSearchView.swift */; };
		B00100000000000000000016 /* PodcastSeriesProfileView.swift in Sources */ = {isa = PBXBuildFile; fileRef = F00100000000000000000016 /* PodcastSeriesProfileView.swift */; };
		B00100000000000000000017 /* PodcastEpisodeProfileView.swift in Sources */ = {isa = PBXBuildFile; fileRef = F00100000000000000000017 /* PodcastEpisodeProfileView.swift */; };
		B00100000000000000000018 /* PodcastPlayerStore.swift in Sources */ = {isa = PBXBuildFile; fileRef = F00100000000000000000018 /* PodcastPlayerStore.swift */; };
		B00100000000000000000019 /* String+HTML.swift in Sources */ = {isa = PBXBuildFile; fileRef = F00100000000000000000019 /* String+HTML.swift */; };
		B0010000000000000000001A /* PodcastMiniBarView.swift in Sources */ = {isa = PBXBuildFile; fileRef = F0010000000000000000001A /* PodcastMiniBarView.swift */; };
		B0010000000000000000001B /* NowPlayingSheet.swift in Sources */ = {isa = PBXBuildFile; fileRef = F0010000000000000000001B /* NowPlayingSheet.swift */; };
		B0010000000000000000001C /* AppTheme.swift in Sources */ = {isa = PBXBuildFile; fileRef = F0010000000000000000001C /* AppTheme.swift */; };
		B0010000000000000000001D /* GlobalPartyMedia.swift in Sources */ = {isa = PBXBuildFile; fileRef = F0010000000000000000001D /* GlobalPartyMedia.swift */; };
		B0010000000000000000001E /* MusicView.swift in Sources */ = {isa = PBXBuildFile; fileRef = F0010000000000000000001E /* MusicView.swift */; };
/* End PBXBuildFile section */

/* Begin PBXFileReference section */
		E00100000000000000000001 /* Tuneable.app */ = {isa = PBXFileReference; explicitFileType = wrapper.application; includeInIndex = 0; path = Tuneable.app; sourceTree = BUILT_PRODUCTS_DIR; };
		F00100000000000000000001 /* TuneableApp.swift */ = {isa = PBXFileReference; lastKnownFileType = sourcecode.swift; path = TuneableApp.swift; sourceTree = "<group>"; };
		F00100000000000000000002 /* ContentView.swift */ = {isa = PBXFileReference; lastKnownFileType = sourcecode.swift; path = ContentView.swift; sourceTree = "<group>"; };
		F00100000000000000000003 /* AppConfig.swift */ = {isa = PBXFileReference; lastKnownFileType = sourcecode.swift; path = AppConfig.swift; sourceTree = "<group>"; };
		F00100000000000000000004 /* APIClient.swift */ = {isa = PBXFileReference; lastKnownFileType = sourcecode.swift; path = APIClient.swift; sourceTree = "<group>"; };
		F00100000000000000000005 /* AuthService.swift */ = {isa = PBXFileReference; lastKnownFileType = sourcecode.swift; path = AuthService.swift; sourceTree = "<group>"; };
		F00100000000000000000006 /* KeychainHelper.swift */ = {isa = PBXFileReference; lastKnownFileType = sourcecode.swift; path = KeychainHelper.swift; sourceTree = "<group>"; };
		F00100000000000000000007 /* PartyService.swift */ = {isa = PBXFileReference; lastKnownFileType = sourcecode.swift; path = PartyService.swift; sourceTree = "<group>"; };
		F00100000000000000000008 /* User.swift */ = {isa = PBXFileReference; lastKnownFileType = sourcecode.swift; path = User.swift; sourceTree = "<group>"; };
		F00100000000000000000009 /* Party.swift */ = {isa = PBXFileReference; lastKnownFileType = sourcecode.swift; path = Party.swift; sourceTree = "<group>"; };
		F0010000000000000000000A /* AuthViewModel.swift */ = {isa = PBXFileReference; lastKnownFileType = sourcecode.swift; path = AuthViewModel.swift; sourceTree = "<group>"; };
		F0010000000000000000000B /* LoginView.swift */ = {isa = PBXFileReference; lastKnownFileType = sourcecode.swift; path = LoginView.swift; sourceTree = "<group>"; };
		F0010000000000000000000C /* HomeView.swift */ = {isa = PBXFileReference; lastKnownFileType = sourcecode.swift; path = HomeView.swift; sourceTree = "<group>"; };
		F0010000000000000000000D /* PartiesListView.swift */ = {isa = PBXFileReference; lastKnownFileType = sourcecode.swift; path = PartiesListView.swift; sourceTree = "<group>"; };
		F0010000000000000000000E /* ProfileView.swift */ = {isa = PBXFileReference; lastKnownFileType = sourcecode.swift; path = ProfileView.swift; sourceTree = "<group>"; };
		F0010000000000000000000F /* Assets.xcassets */ = {isa = PBXFileReference; lastKnownFileType = folder.assetcatalog; path = Assets.xcassets; sourceTree = "<group>"; };
		F00100000000000000000010 /* Info.plist */ = {isa = PBXFileReference; lastKnownFileType = text.plist.xml; path = Info.plist; sourceTree = "<group>"; };
		F00100000000000000000011 /* PodcastEpisode.swift */ = {isa = PBXFileReference; lastKnownFileType = sourcecode.swift; path = PodcastEpisode.swift; sourceTree = "<group>"; };
		F00100000000000000000012 /* PodcastSeries.swift */ = {isa = PBXFileReference; lastKnownFileType = sourcecode.swift; path = PodcastSeries.swift; sourceTree = "<group>"; };
		F00100000000000000000013 /* PodcastService.swift */ = {isa = PBXFileReference; lastKnownFileType = sourcecode.swift; path = PodcastService.swift; sourceTree = "<group>"; };
		F00100000000000000000014 /* PodcastsChartView.swift */ = {isa = PBXFileReference; lastKnownFileType = sourcecode.swift; path = PodcastsChartView.swift; sourceTree = "<group>"; };
		F00100000000000000000015 /* PodcastSearchView.swift */ = {isa = PBXFileReference; lastKnownFileType = sourcecode.swift; path = PodcastSearchView.swift; sourceTree = "<group>"; };
		F00100000000000000000016 /* PodcastSeriesProfileView.swift */ = {isa = PBXFileReference; lastKnownFileType = sourcecode.swift; path = PodcastSeriesProfileView.swift; sourceTree = "<group>"; };
		F00100000000000000000017 /* PodcastEpisodeProfileView.swift */ = {isa = PBXFileReference; lastKnownFileType = sourcecode.swift; path = PodcastEpisodeProfileView.swift; sourceTree = "<group>"; };
		F00100000000000000000018 /* PodcastPlayerStore.swift */ = {isa = PBXFileReference; lastKnownFileType = sourcecode.swift; path = PodcastPlayerStore.swift; sourceTree = "<group>"; };
		F00100000000000000000019 /* String+HTML.swift */ = {isa = PBXFileReference; lastKnownFileType = sourcecode.swift; path = "String+HTML.swift"; sourceTree = "<group>"; };
		F0010000000000000000001A /* PodcastMiniBarView.swift */ = {isa = PBXFileReference; lastKnownFileType = sourcecode.swift; path = PodcastMiniBarView.swift; sourceTree = "<group>"; };
		F0010000000000000000001B /* NowPlayingSheet.swift */ = {isa = PBXFileReference; lastKnownFileType = sourcecode.swift; path = NowPlayingSheet.swift; sourceTree = "<group>"; };
		F0010000000000000000001C /* AppTheme.swift */ = {isa = PBXFileReference; lastKnownFileType = sourcecode.swift; path = AppTheme.swift; sourceTree = "<group>"; };
		F0010000000000000000001D /* GlobalPartyMedia.swift */ = {isa = PBXFileReference; lastKnownFileType = sourcecode.swift; path = GlobalPartyMedia.swift; sourceTree = "<group>"; };
		F0010000000000000000001E /* MusicView.swift */ = {isa = PBXFileReference; lastKnownFileType = sourcecode.swift; path = MusicView.swift; sourceTree = "<group>"; };
/* End PBXFileReference section */

/* Begin PBXFrameworksBuildPhase section */
		C00100000000000000000001 /* Frameworks */ = {
			isa = PBXFrameworksBuildPhase;
			buildActionMask = 2147483647;
			files = (
			);
			runOnlyForDeploymentPostprocessing = 0;
		};
/* End PBXFrameworksBuildPhase section */

/* Begin PBXGroup section */
		G00100000000000000000001 = {
			isa = PBXGroup;
			children = (
				G00100000000000000000002 /* Tuneable */,
				G00100000000000000000008 /* Products */,
			);
			sourceTree = "<group>";
		};
		G00100000000000000000002 /* Tuneable */ = {
			isa = PBXGroup;
			children = (
				F00100000000000000000001 /* TuneableApp.swift */,
				F00100000000000000000002 /* ContentView.swift */,
				G00100000000000000000003 /* Config */,
				G0010000000000000000000A /* Helpers */,
				G00100000000000000000004 /* Services */,
				G00100000000000000000005 /* Models */,
				G00100000000000000000006 /* ViewModels */,
				G00100000000000000000009 /* stores */,
				G00100000000000000000007 /* Views */,
				F0010000000000000000000F /* Assets.xcassets */,
				F00100000000000000000010 /* Info.plist */,
			);
			path = Tuneable;
			sourceTree = "<group>";
		};
		G0010000000000000000000A /* Helpers */ = {
			isa = PBXGroup;
			children = (
				F00100000000000000000019 /* String+HTML.swift */,
			);
			path = Helpers;
			sourceTree = "<group>";
		};
		G00100000000000000000009 /* stores */ = {
			isa = PBXGroup;
			children = (
				F00100000000000000000018 /* PodcastPlayerStore.swift */,
			);
			path = stores;
			sourceTree = "<group>";
		};
		G00100000000000000000003 /* Config */ = {
			isa = PBXGroup;
			children = (
				F00100000000000000000003 /* AppConfig.swift */,
				F0010000000000000000001C /* AppTheme.swift */,
			);
			path = Config;
			sourceTree = "<group>";
		};
		G00100000000000000000004 /* Services */ = {
			isa = PBXGroup;
			children = (
				F00100000000000000000004 /* APIClient.swift */,
				F00100000000000000000005 /* AuthService.swift */,
				F00100000000000000000006 /* KeychainHelper.swift */,
				F00100000000000000000007 /* PartyService.swift */,
				F00100000000000000000013 /* PodcastService.swift */,
			);
			path = Services;
			sourceTree = "<group>";
		};
		G00100000000000000000005 /* Models */ = {
			isa = PBXGroup;
			children = (
				F00100000000000000000008 /* User.swift */,
				F00100000000000000000009 /* Party.swift */,
				F0010000000000000000001D /* GlobalPartyMedia.swift */,
				F00100000000000000000011 /* PodcastEpisode.swift */,
				F00100000000000000000012 /* PodcastSeries.swift */,
			);
			path = Models;
			sourceTree = "<group>";
		};
		G00100000000000000000006 /* ViewModels */ = {
			isa = PBXGroup;
			children = (
				F0010000000000000000000A /* AuthViewModel.swift */,
			);
			path = ViewModels;
			sourceTree = "<group>";
		};
		G00100000000000000000007 /* Views */ = {
			isa = PBXGroup;
			children = (
				F0010000000000000000000B /* LoginView.swift */,
				F0010000000000000000000C /* HomeView.swift */,
				F0010000000000000000001E /* MusicView.swift */,
				F0010000000000000000000D /* PartiesListView.swift */,
				F0010000000000000000000E /* ProfileView.swift */,
				F00100000000000000000014 /* PodcastsChartView.swift */,
				F00100000000000000000015 /* PodcastSearchView.swift */,
				F00100000000000000000016 /* PodcastSeriesProfileView.swift */,
				F00100000000000000000017 /* PodcastEpisodeProfileView.swift */,
				F0010000000000000000001A /* PodcastMiniBarView.swift */,
				F0010000000000000000001B /* NowPlayingSheet.swift */,
			);
			path = Views;
			sourceTree = "<group>";
		};
		G00100000000000000000008 /* Products */ = {
			isa = PBXGroup;
			children = (
				E00100000000000000000001 /* Tuneable.app */,
			);
			name = Products;
			sourceTree = "<group>";
		};
/* End PBXGroup section */

/* Begin PBXNativeTarget section */
		D00100000000000000000001 /* Tuneable */ = {
			isa = PBXNativeTarget;
			buildConfigurationList = C00200000000000000000002 /* Build configuration list for PBXNativeTarget "Tuneable" */;
			buildPhases = (
				C00100000000000000000002 /* Sources */,
				C00100000000000000000001 /* Frameworks */,
				C00100000000000000000003 /* Resources */,
			);
			buildRules = (
			);
			dependencies = (
			);
			name = Tuneable;
			productName = Tuneable;
			productReference = E00100000000000000000001 /* Tuneable.app */;
			productType = "com.apple.product-type.application";
		};
/* End PBXNativeTarget section */

/* Begin PBXProject section */
		A00100000000000000000001 /* Project object */ = {
			isa = PBXProject;
			attributes = {
				BuildIndependentTargetsInParallel = 1;
				LastSwiftUpdateCheck = 1500;
				LastUpgradeCheck = 1620;
			};
			buildConfigurationList = C00200000000000000000001 /* Build configuration list for PBXProject "Tuneable" */;
			compatibilityVersion = "Xcode 14.0";
			developmentRegion = en;
			hasScannedForEncodings = 0;
			knownRegions = (
				en,
				Base,
			);
			mainGroup = G00100000000000000000001;
			productRefGroup = G00100000000000000000008 /* Products */;
			projectDirPath = "";
			projectRoot = "";
			targets = (
				D00100000000000000000001 /* Tuneable */,
			);
		};
/* End PBXProject section */

/* Begin PBXResourcesBuildPhase section */
		C00100000000000000000003 /* Resources */ = {
			isa = PBXResourcesBuildPhase;
			buildActionMask = 2147483647;
			files = (
				B0010000000000000000000F /* Assets.xcassets in Resources */,
			);
			runOnlyForDeploymentPostprocessing = 0;
		};
/* End PBXResourcesBuildPhase section */

/* Begin PBXSourcesBuildPhase section */
		C00100000000000000000002 /* Sources */ = {
			isa = PBXSourcesBuildPhase;
			buildActionMask = 2147483647;
			files = (
				B00100000000000000000001 /* TuneableApp.swift in Sources */,
				B00100000000000000000002 /* ContentView.swift in Sources */,
				B00100000000000000000003 /* AppConfig.swift in Sources */,
				B00100000000000000000004 /* APIClient.swift in Sources */,
				B00100000000000000000005 /* AuthService.swift in Sources */,
				B00100000000000000000006 /* KeychainHelper.swift in Sources */,
				B00100000000000000000007 /* PartyService.swift in Sources */,
				B00100000000000000000008 /* User.swift in Sources */,
				B00100000000000000000009 /* Party.swift in Sources */,
				B0010000000000000000000A /* AuthViewModel.swift in Sources */,
				B0010000000000000000000B /* LoginView.swift in Sources */,
				B0010000000000000000000C /* HomeView.swift in Sources */,
				B0010000000000000000000D /* PartiesListView.swift in Sources */,
				B0010000000000000000000E /* ProfileView.swift in Sources */,
				B00100000000000000000011 /* PodcastEpisode.swift in Sources */,
				B00100000000000000000012 /* PodcastSeries.swift in Sources */,
				B00100000000000000000013 /* PodcastService.swift in Sources */,
				B00100000000000000000014 /* PodcastsChartView.swift in Sources */,
				B00100000000000000000015 /* PodcastSearchView.swift in Sources */,
				B00100000000000000000016 /* PodcastSeriesProfileView.swift in Sources */,
				B00100000000000000000017 /* PodcastEpisodeProfileView.swift in Sources */,
				B00100000000000000000018 /* PodcastPlayerStore.swift in Sources */,
				B00100000000000000000019 /* String+HTML.swift in Sources */,
				B0010000000000000000001A /* PodcastMiniBarView.swift in Sources */,
				B0010000000000000000001B /* NowPlayingSheet.swift in Sources */,
				B0010000000000000000001C /* AppTheme.swift in Sources */,
				B0010000000000000000001D /* GlobalPartyMedia.swift in Sources */,
				B0010000000000000000001E /* MusicView.swift in Sources */,
			);
			runOnlyForDeploymentPostprocessing = 0;
		};
/* End PBXSourcesBuildPhase section */

/* Begin XCBuildConfiguration section */
		X00100000000000000000001 /* Debug */ = {
			isa = XCBuildConfiguration;
			buildSettings = {
				ALWAYS_SEARCH_USER_PATHS = NO;
				ASSETCATALOG_COMPILER_GENERATE_SWIFT_ASSET_SYMBOL_EXTENSIONS = YES;
				CLANG_ANALYZER_NONNULL = YES;
				CLANG_ANALYZER_NUMBER_OBJECT_CONVERSION = YES_AGGRESSIVE;
				CLANG_CXX_LANGUAGE_STANDARD = "gnu++20";
				CLANG_ENABLE_MODULES = YES;
				CLANG_ENABLE_OBJC_ARC = YES;
				CLANG_ENABLE_OBJC_WEAK = YES;
				CLANG_WARN_BLOCK_CAPTURE_AUTORELEASING = YES;
				CLANG_WARN_BOOL_CONVERSION = YES;
				CLANG_WARN_COMMA = YES;
				CLANG_WARN_CONSTANT_CONVERSION = YES;
				CLANG_WARN_DEPRECATED_OBJC_IMPLEMENTATIONS = YES;
				CLANG_WARN_EMPTY_BODY = YES;
				CLANG_WARN_ENUM_CONVERSION = YES;
				CLANG_WARN_INFINITE_RECURSION = YES;
				CLANG_WARN_INT_CONVERSION = YES;
				CLANG_WARN_NON_LITERAL_NULL_CONVERSION = YES;
				CLANG_WARN_OBJC_IMPLICIT_RETAIN_SELF = YES;
				CLANG_WARN_OBJC_LITERAL_CONVERSION = YES;
				CLANG_WARN_QUOTED_INCLUDE_IN_FRAMEWORK_HEADER = YES;
				CLANG_WARN_RANGE_LOOP_ANALYSIS = YES;
				CLANG_WARN_STRICT_PROTOTYPES = YES;
				CLANG_WARN_SUSPICIOUS_MOVE = YES;
				CLANG_WARN_UNREACHABLE_CODE = YES;
				CLANG_WARN__DUPLICATE_METHOD_MATCH = YES;
				COPY_PHASE_STRIP = NO;
				DEBUG_INFORMATION_FORMAT = dwarf;
				ENABLE_STRICT_OBJC_MSGSEND = YES;
				ENABLE_TESTABILITY = YES;
				ENABLE_USER_SCRIPT_SANDBOXING = YES;
				GCC_C_LANGUAGE_STANDARD = gnu17;
				GCC_DYNAMIC_NO_PIC = NO;
				GCC_NO_COMMON_BLOCKS = YES;
				GCC_OPTIMIZATION_LEVEL = 0;
				GCC_PREPROCESSOR_DEFINITIONS = (
					"DEBUG=1",
					"$(inherited)",
				);
				GCC_WARN_64_TO_32_BIT_CONVERSION = YES;
				GCC_WARN_ABOUT_RETURN_TYPE = YES_ERROR;
				GCC_WARN_UNDECLARED_SELECTOR = YES;
				GCC_WARN_UNINITIALIZED_AUTOS = YES_AGGRESSIVE;
				GCC_WARN_UNUSED_FUNCTION = YES;
				GCC_WARN_UNUSED_VARIABLE = YES;
				LOCALIZATION_PREFERS_STRING_CATALOGS = YES;
				MTL_ENABLE_DEBUG_INFO = INCLUDE_SOURCE;
				MTL_FAST_MATH = YES;
				ONLY_ACTIVE_ARCH = YES;
				SDKROOT = iphoneos;
				SWIFT_ACTIVE_COMPILATION_CONDITIONS = "DEBUG $(inherited)";
				SWIFT_OPTIMIZATION_LEVEL = "-Onone";
			};
			name = Debug;
		};
		X00100000000000000000002 /* Release */ = {
			isa = XCBuildConfiguration;
			buildSettings = {
				ALWAYS_SEARCH_USER_PATHS = NO;
				ASSETCATALOG_COMPILER_GENERATE_SWIFT_ASSET_SYMBOL_EXTENSIONS = YES;
				CLANG_ANALYZER_NONNULL = YES;
				CLANG_ANALYZER_NUMBER_OBJECT_CONVERSION = YES_AGGRESSIVE;
				CLANG_CXX_LANGUAGE_STANDARD = "gnu++20";
				CLANG_ENABLE_MODULES = YES;
				CLANG_ENABLE_OBJC_ARC = YES;
				CLANG_ENABLE_OBJC_WEAK = YES;
				CLANG_WARN_BLOCK_CAPTURE_AUTORELEASING = YES;
				CLANG_WARN_BOOL_CONVERSION = YES;
				CLANG_WARN_COMMA = YES;
				CLANG_WARN_CONSTANT_CONVERSION = YES;
				CLANG_WARN_DEPRECATED_OBJC_IMPLEMENTATIONS = YES;
				CLANG_WARN_EMPTY_BODY = YES;
				CLANG_WARN_ENUM_CONVERSION = YES;
				CLANG_WARN_INFINITE_RECURSION = YES;
				CLANG_WARN_INT_CONVERSION = YES;
				CLANG_WARN_NON_LITERAL_NULL_CONVERSION = YES;
				CLANG_WARN_OBJC_IMPLICIT_RETAIN_SELF = YES;
				CLANG_WARN_OBJC_LITERAL_CONVERSION = YES;
				CLANG_WARN_QUOTED_INCLUDE_IN_FRAMEWORK_HEADER = YES;
				CLANG_WARN_RANGE_LOOP_ANALYSIS = YES;
				CLANG_WARN_STRICT_PROTOTYPES = YES;
				CLANG_WARN_SUSPICIOUS_MOVE = YES;
				CLANG_WARN_UNREACHABLE_CODE = YES;
				CLANG_WARN__DUPLICATE_METHOD_MATCH = YES;
				COPY_PHASE_STRIP = NO;
				DEBUG_INFORMATION_FORMAT = "dwarf-with-dsym";
				ENABLE_NS_ASSERTIONS = NO;
				ENABLE_STRICT_OBJC_MSGSEND = YES;
				ENABLE_USER_SCRIPT_SANDBOXING = YES;
				GCC_C_LANGUAGE_STANDARD = gnu17;
				GCC_NO_COMMON_BLOCKS = YES;
				GCC_WARN_64_TO_32_BIT_CONVERSION = YES;
				GCC_WARN_ABOUT_RETURN_TYPE = YES_ERROR;
				GCC_WARN_UNDECLARED_SELECTOR = YES;
				GCC_WARN_UNINITIALIZED_AUTOS = YES_AGGRESSIVE;
				GCC_WARN_UNUSED_FUNCTION = YES;
				GCC_WARN_UNUSED_VARIABLE = YES;
				LOCALIZATION_PREFERS_STRING_CATALOGS = YES;
				MTL_ENABLE_DEBUG_INFO = NO;
				MTL_FAST_MATH = YES;
				SDKROOT = iphoneos;
				SWIFT_COMPILATION_MODE = wholemodule;
				VALIDATE_PRODUCT = YES;
			};
			name = Release;
		};
		X00100000000000000000003 /* Debug */ = {
			isa = XCBuildConfiguration;
			buildSettings = {
				ASSETCATALOG_COMPILER_APPICON_NAME = AppIcon;
				CODE_SIGN_STYLE = Automatic;
				CURRENT_PROJECT_VERSION = 1;
				DEVELOPMENT_ASSET_PATHS = "";
				ENABLE_PREVIEWS = YES;
				GENERATE_INFOPLIST_FILE = NO;
				INFOPLIST_FILE = Tuneable/Info.plist;
				INFOPLIST_KEY_UIApplicationSceneManifest_Generation = YES;
				INFOPLIST_KEY_UIApplicationSupportsIndirectInputEvents = YES;
				INFOPLIST_KEY_UILaunchScreen_Generation = YES;
				IPHONEOS_DEPLOYMENT_TARGET = 17.0;
				LD_RUNPATH_SEARCH_PATHS = (
					"$(inherited)",
					"@executable_path/Frameworks",
				);
				MARKETING_VERSION = 1.0.0;
				PRODUCT_BUNDLE_IDENTIFIER = stream.tuneable.app;
				PRODUCT_NAME = "$(TARGET_NAME)";
				SWIFT_EMIT_LOC_STRINGS = YES;
				SWIFT_VERSION = 5.0;
				TARGETED_DEVICE_FAMILY = "1,2";
			};
			name = Debug;
		};
		X00100000000000000000004 /* Release */ = {
			isa = XCBuildConfiguration;
			buildSettings = {
				ASSETCATALOG_COMPILER_APPICON_NAME = AppIcon;
				CODE_SIGN_STYLE = Automatic;
				CURRENT_PROJECT_VERSION = 1;
				DEVELOPMENT_ASSET_PATHS = "";
				ENABLE_PREVIEWS = YES;
				GENERATE_INFOPLIST_FILE = NO;
				INFOPLIST_FILE = Tuneable/Info.plist;
				INFOPLIST_KEY_UIApplicationSceneManifest_Generation = YES;
				INFOPLIST_KEY_UIApplicationSupportsIndirectInputEvents = YES;
				INFOPLIST_KEY_UILaunchScreen_Generation = YES;
				IPHONEOS_DEPLOYMENT_TARGET = 17.0;
				LD_RUNPATH_SEARCH_PATHS = (
					"$(inherited)",
					"@executable_path/Frameworks",
				);
				MARKETING_VERSION = 1.0.0;
				PRODUCT_BUNDLE_IDENTIFIER = stream.tuneable.app;
				PRODUCT_NAME = "$(TARGET_NAME)";
				SWIFT_EMIT_LOC_STRINGS = YES;
				SWIFT_VERSION = 5.0;
				TARGETED_DEVICE_FAMILY = "1,2";
			};
			name = Release;
		};
/* End XCBuildConfiguration section */

/* Begin XCConfigurationList section */
		C00200000000000000000001 /* Build configuration list for PBXProject "Tuneable" */ = {
			isa = XCConfigurationList;
			buildConfigurations = (
				X00100000000000000000001 /* Debug */,
				X00100000000000000000002 /* Release */,
			);
			defaultConfigurationIsVisible = 0;
			defaultConfigurationName = Release;
		};
		C00200000000000000000002 /* Build configuration list for PBXNativeTarget "Tuneable" */ = {
			isa = XCConfigurationList;
			buildConfigurations = (
				X00100000000000000000003 /* Debug */,
				X00100000000000000000004 /* Release */,
			);
			defaultConfigurationIsVisible = 0;
			defaultConfigurationName = Release;
		};
/* End XCConfigurationList section */
	};
	rootObject = A00100000000000000000001 /* Project object */;
}
